Microsoft Visual Studio Solution File, Format Version 12.00
# Visual Studio 2013
VisualStudioVersion = 12.0.30501.0
MinimumVisualStudioVersion = 10.0.40219.1
Project("{8BC9CEB8-8B4A-11D0-8D11-00A0C91BC942}") = "AudioWidgets", "AudioWidgets.vcxproj", "{074C495D-8B0B-CD45-7CA2-6FF0933C6DCC}"
EndProject
Project("{8BC9CEB8-8B4A-11D0-8D11-00A0C91BC942}") = "AudioWidgetsLib", "..\..\AudioWidgetsLib\AudioWidgetsLib.vcxproj", "{672CC55F-1441-4F82-A8A6-07989472E3E6}"
EndProject
Project("{8BC9CEB8-8B4A-11D0-8D11-00A0C91BC942}") = "AudioWidgetsTests", "..\..\Tests\AudioWidgetsTests\AudioWidgetsTests.vcxproj", "{615B1BC9-5F14-4DE8-9096-EA8DEF402E60}"
EndProject
Global
	GlobalSection(SolutionConfigurationPlatforms) = preSolution
		Debug|Win32 = Debug|Win32
		Release|Win32 = Release|Win32
	EndGlobalSection
	GlobalSection(ProjectConfigurationPlatforms) = postSolution
		{074C495D-8B0B-CD45-7CA2-6FF0933C6DCC}.Debug|Win32.ActiveCfg = Debug|Win32
		{074C495D-8B0B-CD45-7CA2-6FF0933C6DCC}.Debug|Win32.Build.0 = Debug|Win32
		{074C495D-8B0B-CD45-7CA2-6FF0933C6DCC}.Release|Win32.ActiveCfg = Release|Win32
		{074C495D-8B0B-CD45-7CA2-6FF0933C6DCC}.Release|Win32.Build.0 = Release|Win32
		{672CC55F-1441-4F82-A8A6-07989472E3E6}.Debug|Win32.ActiveCfg = Debug|Win32
		{672CC55F-1441-4F82-A8A6-07989472E3E6}.Debug|Win32.Build.0 = Debug|Win32
		{672CC55F-1441-4F82-A8A6-07989472E3E6}.Release|Win32.ActiveCfg = Release|Win32
		{672CC55F-1441-4F82-A8A6-07989472E3E6}.Release|Win32.Build.0 = Release|Win32
		{615B1BC9-5F14-4DE8-9096-EA8DEF402E60}.Debug|Win32.ActiveCfg = Debug|Win32
		{615B1BC9-5F14-4DE8-9096-EA8DEF402E60}.Debug|Win32.Build.0 = Debug|Win32
		{615B1BC9-5F14-4DE8-9096-EA8DEF402E60}.Release|Win32.ActiveCfg = Release|Win32
		{615B1BC9-5F14-4DE8-9096-EA8DEF402E60}.Release|Win32.Build.0 = Release|Win32
	EndGlobalSection
	GlobalSection(SolutionProperties) = preSolution
		HideSolutionNode = FALSE
	EndGlobalSection
EndGlobal
